
Microsoft Visual Studio Solution File, Format Version 12.00
# Visual Studio 2012
Project("{FAE04EC0-301F-11D3-BF4B-00C04F79EFBC}") = "Solid.State", "Solid.State\Solid.State.csproj", "{BB5634D5-5B5C-4218-B476-14F5A005AF50}"
EndProject
Project("{FAE04EC0-301F-11D3-BF4B-00C04F79EFBC}") = "Solid.State.Tests", "Solid.State.Tests\Solid.State.Tests.csproj", "{2673CBE7-95DC-44CC-AB42-2165DC07F693}"
EndProject
Global
	GlobalSection(SolutionConfigurationPlatforms) = preSolution
		Debug|Any CPU = Debug|Any CPU
		Release|Any CPU = Release|Any CPU
	EndGlobalSection
	GlobalSection(ProjectConfigurationPlatforms) = postSolution
		{BB5634D5-5B5C-4218-B476-14F5A005AF50}.Debug|Any CPU.ActiveCfg = Debug|Any CPU
		{BB5634D5-5B5C-4218-B476-14F5A005AF50}.Debug|Any CPU.Build.0 = Debug|Any CPU
		{BB5634D5-5B5C-4218-B476-14F5A005AF50}.Release|Any CPU.ActiveCfg = Release|Any CPU
		{BB5634D5-5B5C-4218-B476-14F5A005AF50}.Release|Any CPU.Build.0 = Release|Any CPU
		{2673CBE7-95DC-44CC-AB42-2165DC07F693}.Debug|Any CPU.ActiveCfg = Debug|Any CPU
		{2673CBE7-95DC-44CC-AB42-2165DC07F693}.Debug|Any CPU.Build.0 = Debug|Any CPU
		{2673CBE7-95DC-44CC-AB42-2165DC07F693}.Release|Any CPU.ActiveCfg = Release|Any CPU
		{2673CBE7-95DC-44CC-AB42-2165DC07F693}.Release|Any CPU.Build.0 = Release|Any CPU
	EndGlobalSection
	GlobalSection(SolutionProperties) = preSolution
		HideSolutionNode = FALSE
	EndGlobalSection
EndGlobal
